
Microsoft Visual Studio Solution File, Format Version 12.00
# Visual Studio Version 17
VisualStudioVersion = 17.2.32630.192
MinimumVisualStudioVersion = 10.0.40219.1
Project("{FAE04EC0-301F-11D3-BF4B-00C04F79EFBC}") = "Medicina.Domain", "Medicina.Domain\Medicina.Domain.csproj", "{1E7DD5C0-38CB-47F0-8FCB-D3FAA819C897}"
EndProject
Project("{FAE04EC0-301F-11D3-BF4B-00C04F79EFBC}") = "Medicina.Repository", "Medicina.Repository\Medicina.Repository.csproj", "{20D3ABAB-6B56-4395-80CC-E1C2E2947457}"
EndProject
Project("{FAE04EC0-301F-11D3-BF4B-00C04F79EFBC}") = "Medicina.Application", "Medicina.Application\Medicina.Application.csproj", "{E003EE45-E042-4019-AEBB-A524DB716082}"
EndProject
Project("{FAE04EC0-301F-11D3-BF4B-00C04F79EFBC}") = "Medicina.CrossCutting", "Medicina.CrossCutting\Medicina.CrossCutting.csproj", "{353AF35C-1CF6-406A-B548-E2ACDF4BAA14}"
EndProject
Project("{FAE04EC0-301F-11D3-BF4B-00C04F79EFBC}") = "Medicina.Api", "Medicina.Api\Medicina.Api.csproj", "{C4E20F5C-4AA4-495D-8D01-890AA9532131}"
EndProject
Global
	GlobalSection(SolutionConfigurationPlatforms) = preSolution
		Debug|Any CPU = Debug|Any CPU
		Release|Any CPU = Release|Any CPU
	EndGlobalSection
	GlobalSection(ProjectConfigurationPlatforms) = postSolution
		{1E7DD5C0-38CB-47F0-8FCB-D3FAA819C897}.Debug|Any CPU.ActiveCfg = Debug|Any CPU
		{1E7DD5C0-38CB-47F0-8FCB-D3FAA819C897}.Debug|Any CPU.Build.0 = Debug|Any CPU
		{1E7DD5C0-38CB-47F0-8FCB-D3FAA819C897}.Release|Any CPU.ActiveCfg = Release|Any CPU
		{1E7DD5C0-38CB-47F0-8FCB-D3FAA819C897}.Release|Any CPU.Build.0 = Release|Any CPU
		{20D3ABAB-6B56-4395-80CC-E1C2E2947457}.Debug|Any CPU.ActiveCfg = Debug|Any CPU
		{20D3ABAB-6B56-4395-80CC-E1C2E2947457}.Debug|Any CPU.Build.0 = Debug|Any CPU
		{20D3ABAB-6B56-4395-80CC-E1C2E2947457}.Release|Any CPU.ActiveCfg = Release|Any CPU
		{20D3ABAB-6B56-4395-80CC-E1C2E2947457}.Release|Any CPU.Build.0 = Release|Any CPU
		{E003EE45-E042-4019-AEBB-A524DB716082}.Debug|Any CPU.ActiveCfg = Debug|Any CPU
		{E003EE45-E042-4019-AEBB-A524DB716082}.Debug|Any CPU.Build.0 = Debug|Any CPU
		{E003EE45-E042-4019-AEBB-A524DB716082}.Release|Any CPU.ActiveCfg = Release|Any CPU
		{E003EE45-E042-4019-AEBB-A524DB716082}.Release|Any CPU.Build.0 = Release|Any CPU
		{353AF35C-1CF6-406A-B548-E2ACDF4BAA14}.Debug|Any CPU.ActiveCfg = Debug|Any CPU
		{353AF35C-1CF6-406A-B548-E2ACDF4BAA14}.Debug|Any CPU.Build.0 = Debug|Any CPU
		{353AF35C-1CF6-406A-B548-E2ACDF4BAA14}.Release|Any CPU.ActiveCfg = Release|Any CPU
		{353AF35C-1CF6-406A-B548-E2ACDF4BAA14}.Release|Any CPU.Build.0 = Release|Any CPU
		{C4E20F5C-4AA4-495D-8D01-890AA9532131}.Debug|Any CPU.ActiveCfg = Debug|Any CPU
		{C4E20F5C-4AA4-495D-8D01-890AA9532131}.Debug|Any CPU.Build.0 = Debug|Any CPU
		{C4E20F5C-4AA4-495D-8D01-890AA9532131}.Release|Any CPU.ActiveCfg = Release|Any CPU
		{C4E20F5C-4AA4-495D-8D01-890AA9532131}.Release|Any CPU.Build.0 = Release|Any CPU
	EndGlobalSection
	GlobalSection(SolutionProperties) = preSolution
		HideSolutionNode = FALSE
	EndGlobalSection
	GlobalSection(ExtensibilityGlobals) = postSolution
		SolutionGuid = {1E8CCA9D-9DAB-44C8-A74E-210DD6050946}
	EndGlobalSection
EndGlobal
